
Microsoft Visual Studio Solution File, Format Version 12.00
# Visual Studio Version 17
VisualStudioVersion = 17.5.33502.453
MinimumVisualStudioVersion = 10.0.40219.1
Project("{FAE04EC0-301F-11D3-BF4B-00C04F79EFBC}") = "Laboratorio1", "Laboratorio1\Laboratorio1.csproj", "{7058A5D0-D14D-4075-AE06-5A553C992322}"
EndProject
Project("{FAE04EC0-301F-11D3-BF4B-00C04F79EFBC}") = "Laboratorio1.Tests", "Laboratorio1.Tests\Laboratorio1.Tests.csproj", "{F96A93E8-CEEE-4B84-BCF2-C07AF3C05532}"
EndProject
Global
	GlobalSection(SolutionConfigurationPlatforms) = preSolution
		Debug|Any CPU = Debug|Any CPU
		Release|Any CPU = Release|Any CPU
	EndGlobalSection
	GlobalSection(ProjectConfigurationPlatforms) = postSolution
		{7058A5D0-D14D-4075-AE06-5A553C992322}.Debug|Any CPU.ActiveCfg = Debug|Any CPU
		{7058A5D0-D14D-4075-AE06-5A553C992322}.Debug|Any CPU.Build.0 = Debug|Any CPU
		{7058A5D0-D14D-4075-AE06-5A553C992322}.Release|Any CPU.ActiveCfg = Release|Any CPU
		{7058A5D0-D14D-4075-AE06-5A553C992322}.Release|Any CPU.Build.0 = Release|Any CPU
		{F96A93E8-CEEE-4B84-BCF2-C07AF3C05532}.Debug|Any CPU.ActiveCfg = Debug|Any CPU
		{F96A93E8-CEEE-4B84-BCF2-C07AF3C05532}.Debug|Any CPU.Build.0 = Debug|Any CPU
		{F96A93E8-CEEE-4B84-BCF2-C07AF3C05532}.Release|Any CPU.ActiveCfg = Release|Any CPU
		{F96A93E8-CEEE-4B84-BCF2-C07AF3C05532}.Release|Any CPU.Build.0 = Release|Any CPU
	EndGlobalSection
	GlobalSection(SolutionProperties) = preSolution
		HideSolutionNode = FALSE
	EndGlobalSection
	GlobalSection(ExtensibilityGlobals) = postSolution
		SolutionGuid = {E44A68BE-3572-4BAD-B2FD-3F8289D10D78}
	EndGlobalSection
EndGlobal
