
Microsoft Visual Studio Solution File, Format Version 12.00
# Visual Studio Version 17
VisualStudioVersion = 17.5.33530.505
MinimumVisualStudioVersion = 10.0.40219.1
Project("{FAE04EC0-301F-11D3-BF4B-00C04F79EFBC}") = "MyMath", "MyMath.csproj", "{E4E85049-C5E1-4F44-87D0-5F6EC1FC6407}"
EndProject
Project("{FAE04EC0-301F-11D3-BF4B-00C04F79EFBC}") = "MathTest", "..\MathTest\MathTest.csproj", "{50167979-1CC3-498B-99DE-2033CB98F75D}"
EndProject
Project("{FAE04EC0-301F-11D3-BF4B-00C04F79EFBC}") = "Bank", "..\Bank\Bank.csproj", "{2D0F98B9-C825-4BBF-A874-3E6CA1D164EA}"
EndProject
Project("{FAE04EC0-301F-11D3-BF4B-00C04F79EFBC}") = "BankTests", "..\BankTests\BankTests.csproj", "{C524F714-4997-4540-AA9F-567F9DAAAD7B}"
EndProject
Global
	GlobalSection(SolutionConfigurationPlatforms) = preSolution
		Debug|Any CPU = Debug|Any CPU
		Release|Any CPU = Release|Any CPU
	EndGlobalSection
	GlobalSection(ProjectConfigurationPlatforms) = postSolution
		{E4E85049-C5E1-4F44-87D0-5F6EC1FC6407}.Debug|Any CPU.ActiveCfg = Debug|Any CPU
		{E4E85049-C5E1-4F44-87D0-5F6EC1FC6407}.Debug|Any CPU.Build.0 = Debug|Any CPU
		{E4E85049-C5E1-4F44-87D0-5F6EC1FC6407}.Release|Any CPU.ActiveCfg = Release|Any CPU
		{E4E85049-C5E1-4F44-87D0-5F6EC1FC6407}.Release|Any CPU.Build.0 = Release|Any CPU
		{50167979-1CC3-498B-99DE-2033CB98F75D}.Debug|Any CPU.ActiveCfg = Debug|Any CPU
		{50167979-1CC3-498B-99DE-2033CB98F75D}.Debug|Any CPU.Build.0 = Debug|Any CPU
		{50167979-1CC3-498B-99DE-2033CB98F75D}.Release|Any CPU.ActiveCfg = Release|Any CPU
		{50167979-1CC3-498B-99DE-2033CB98F75D}.Release|Any CPU.Build.0 = Release|Any CPU
		{2D0F98B9-C825-4BBF-A874-3E6CA1D164EA}.Debug|Any CPU.ActiveCfg = Debug|Any CPU
		{2D0F98B9-C825-4BBF-A874-3E6CA1D164EA}.Debug|Any CPU.Build.0 = Debug|Any CPU
		{2D0F98B9-C825-4BBF-A874-3E6CA1D164EA}.Release|Any CPU.ActiveCfg = Release|Any CPU
		{2D0F98B9-C825-4BBF-A874-3E6CA1D164EA}.Release|Any CPU.Build.0 = Release|Any CPU
		{C524F714-4997-4540-AA9F-567F9DAAAD7B}.Debug|Any CPU.ActiveCfg = Debug|Any CPU
		{C524F714-4997-4540-AA9F-567F9DAAAD7B}.Debug|Any CPU.Build.0 = Debug|Any CPU
		{C524F714-4997-4540-AA9F-567F9DAAAD7B}.Release|Any CPU.ActiveCfg = Release|Any CPU
		{C524F714-4997-4540-AA9F-567F9DAAAD7B}.Release|Any CPU.Build.0 = Release|Any CPU
	EndGlobalSection
	GlobalSection(SolutionProperties) = preSolution
		HideSolutionNode = FALSE
	EndGlobalSection
	GlobalSection(ExtensibilityGlobals) = postSolution
		SolutionGuid = {5E508A03-02A3-43C8-839F-B8208D409950}
	EndGlobalSection
EndGlobal
